
Microsoft Visual Studio Solution File, Format Version 12.00
# Visual Studio Version 16
VisualStudioVersion = 25.0.1706.6
MinimumVisualStudioVersion = 10.0.40219.1
Project("{FAE04EC0-301F-11D3-BF4B-00C04F79EFBC}") = "ApiGPT", "ApiGPT\ApiGPT.csproj", "{2022DE36-6C53-4366-A55B-BB3E86B5FAFE}"
EndProject
Global
	GlobalSection(SolutionConfigurationPlatforms) = preSolution
		Debug|Any CPU = Debug|Any CPU
		Release|Any CPU = Release|Any CPU
	EndGlobalSection
	GlobalSection(ProjectConfigurationPlatforms) = postSolution
		{2022DE36-6C53-4366-A55B-BB3E86B5FAFE}.Debug|Any CPU.ActiveCfg = Debug|Any CPU
		{2022DE36-6C53-4366-A55B-BB3E86B5FAFE}.Debug|Any CPU.Build.0 = Debug|Any CPU
		{2022DE36-6C53-4366-A55B-BB3E86B5FAFE}.Release|Any CPU.ActiveCfg = Release|Any CPU
		{2022DE36-6C53-4366-A55B-BB3E86B5FAFE}.Release|Any CPU.Build.0 = Release|Any CPU
	EndGlobalSection
	GlobalSection(SolutionProperties) = preSolution
		HideSolutionNode = FALSE
	EndGlobalSection
	GlobalSection(ExtensibilityGlobals) = postSolution
		SolutionGuid = {CB14F9FE-0021-48B5-9689-8BB5425870D2}
	EndGlobalSection
EndGlobal
